
Microsoft Visual Studio Solution File, Format Version 12.00
# Visual Studio Version 17
VisualStudioVersion = 17.0.31903.59
MinimumVisualStudioVersion = 10.0.40219.1
Project("{FAE04EC0-301F-11D3-BF4B-00C04F79EFBC}") = "DataAccessLayer", "DataAccessLayer\DataAccessLayer.csproj", "{195CF6C0-38D9-40BF-8F83-F220F56A7503}"
EndProject
Project("{FAE04EC0-301F-11D3-BF4B-00C04F79EFBC}") = "BusinessLogicLayer", "BusinessLogicLayer\BusinessLogicLayer.csproj", "{B1FFB415-134E-4317-8A06-45BB149ECEDE}"
EndProject
Project("{FAE04EC0-301F-11D3-BF4B-00C04F79EFBC}") = "EntityLayer", "EntityLayer\EntityLayer.csproj", "{E85A7632-47EE-47E1-B40D-2D9AB90E916C}"
EndProject
Project("{FAE04EC0-301F-11D3-BF4B-00C04F79EFBC}") = "WPFLayer", "WPFLayer\WPFLayer.csproj", "{F784F77B-5380-46F5-A1FE-932D5F382366}"
EndProject
Project("{FAE04EC0-301F-11D3-BF4B-00C04F79EFBC}") = "xUnitTests", "xUnitTests\xUnitTests.csproj", "{FECD8BD0-EF0C-4205-9A7D-2701E5524682}"
	ProjectSection(ProjectDependencies) = postProject
		{B1FFB415-134E-4317-8A06-45BB149ECEDE} = {B1FFB415-134E-4317-8A06-45BB149ECEDE}
		{E85A7632-47EE-47E1-B40D-2D9AB90E916C} = {E85A7632-47EE-47E1-B40D-2D9AB90E916C}
	EndProjectSection
EndProject
Global
	GlobalSection(SolutionConfigurationPlatforms) = preSolution
		Debug|Any CPU = Debug|Any CPU
		Release|Any CPU = Release|Any CPU
	EndGlobalSection
	GlobalSection(ProjectConfigurationPlatforms) = postSolution
		{195CF6C0-38D9-40BF-8F83-F220F56A7503}.Debug|Any CPU.ActiveCfg = Debug|Any CPU
		{195CF6C0-38D9-40BF-8F83-F220F56A7503}.Debug|Any CPU.Build.0 = Debug|Any CPU
		{195CF6C0-38D9-40BF-8F83-F220F56A7503}.Release|Any CPU.ActiveCfg = Release|Any CPU
		{195CF6C0-38D9-40BF-8F83-F220F56A7503}.Release|Any CPU.Build.0 = Release|Any CPU
		{B1FFB415-134E-4317-8A06-45BB149ECEDE}.Debug|Any CPU.ActiveCfg = Debug|Any CPU
		{B1FFB415-134E-4317-8A06-45BB149ECEDE}.Debug|Any CPU.Build.0 = Debug|Any CPU
		{B1FFB415-134E-4317-8A06-45BB149ECEDE}.Release|Any CPU.ActiveCfg = Release|Any CPU
		{B1FFB415-134E-4317-8A06-45BB149ECEDE}.Release|Any CPU.Build.0 = Release|Any CPU
		{E85A7632-47EE-47E1-B40D-2D9AB90E916C}.Debug|Any CPU.ActiveCfg = Debug|Any CPU
		{E85A7632-47EE-47E1-B40D-2D9AB90E916C}.Debug|Any CPU.Build.0 = Debug|Any CPU
		{E85A7632-47EE-47E1-B40D-2D9AB90E916C}.Release|Any CPU.ActiveCfg = Release|Any CPU
		{E85A7632-47EE-47E1-B40D-2D9AB90E916C}.Release|Any CPU.Build.0 = Release|Any CPU
		{F784F77B-5380-46F5-A1FE-932D5F382366}.Debug|Any CPU.ActiveCfg = Debug|Any CPU
		{F784F77B-5380-46F5-A1FE-932D5F382366}.Debug|Any CPU.Build.0 = Debug|Any CPU
		{F784F77B-5380-46F5-A1FE-932D5F382366}.Release|Any CPU.ActiveCfg = Release|Any CPU
		{F784F77B-5380-46F5-A1FE-932D5F382366}.Release|Any CPU.Build.0 = Release|Any CPU
		{FECD8BD0-EF0C-4205-9A7D-2701E5524682}.Debug|Any CPU.ActiveCfg = Debug|Any CPU
		{FECD8BD0-EF0C-4205-9A7D-2701E5524682}.Debug|Any CPU.Build.0 = Debug|Any CPU
		{FECD8BD0-EF0C-4205-9A7D-2701E5524682}.Release|Any CPU.ActiveCfg = Release|Any CPU
		{FECD8BD0-EF0C-4205-9A7D-2701E5524682}.Release|Any CPU.Build.0 = Release|Any CPU
	EndGlobalSection
	GlobalSection(SolutionProperties) = preSolution
		HideSolutionNode = FALSE
	EndGlobalSection
	GlobalSection(ExtensibilityGlobals) = postSolution
		SolutionGuid = {A494BF6D-FFD4-4E65-A595-BF6C5B48CF75}
	EndGlobalSection
EndGlobal
